
Microsoft Visual Studio Solution File, Format Version 12.00
# Visual Studio Version 17
VisualStudioVersion = 17.3.32929.385
MinimumVisualStudioVersion = 10.0.40219.1
Project("{FAE04EC0-301F-11D3-BF4B-00C04F79EFBC}") = "OCR", "OCR.csproj", "{6714D944-0BA2-42BF-ABCE-7E0689C6C3A7}"
EndProject
Global
	GlobalSection(SolutionConfigurationPlatforms) = preSolution
		Debug|Any CPU = Debug|Any CPU
		Release|Any CPU = Release|Any CPU
	EndGlobalSection
	GlobalSection(ProjectConfigurationPlatforms) = postSolution
		{6714D944-0BA2-42BF-ABCE-7E0689C6C3A7}.Debug|Any CPU.ActiveCfg = Debug|Any CPU
		{6714D944-0BA2-42BF-ABCE-7E0689C6C3A7}.Debug|Any CPU.Build.0 = Debug|Any CPU
		{6714D944-0BA2-42BF-ABCE-7E0689C6C3A7}.Release|Any CPU.ActiveCfg = Release|Any CPU
		{6714D944-0BA2-42BF-ABCE-7E0689C6C3A7}.Release|Any CPU.Build.0 = Release|Any CPU
	EndGlobalSection
	GlobalSection(SolutionProperties) = preSolution
		HideSolutionNode = FALSE
	EndGlobalSection
	GlobalSection(ExtensibilityGlobals) = postSolution
		SolutionGuid = {30BF7BB2-85DB-452C-8685-E91616396230}
	EndGlobalSection
EndGlobal
